// !$*UTF8*$!
{
	archiveVersion = 1;
	classes = {
	};
	objectVersion = 50;
	objects = {

/* Begin PBXBuildFile section */
		8B3E32CA24A3B81600BBD684 /* FollowerListVC.swift in Sources */ = {isa = PBXBuildFile; fileRef = 8B3E32C924A3B81600BBD684 /* FollowerListVC.swift */; };
		8B3E32CC24A3BDA600BBD684 /* GFTitleLabel.swift in Sources */ = {isa = PBXBuildFile; fileRef = 8B3E32CB24A3BDA600BBD684 /* GFTitleLabel.swift */; };
		8B75A5B024A39C4400FF83F8 /* AppDelegate.swift in Sources */ = {isa = PBXBuildFile; fileRef = 8B75A5AF24A39C4400FF83F8 /* AppDelegate.swift */; };
		8B75A5B224A39C4400FF83F8 /* SceneDelegate.swift in Sources */ = {isa = PBXBuildFile; fileRef = 8B75A5B124A39C4400FF83F8 /* SceneDelegate.swift */; };
		8B75A5B924A39C4A00FF83F8 /* Assets.xcassets in Resources */ = {isa = PBXBuildFile; fileRef = 8B75A5B824A39C4A00FF83F8 /* Assets.xcassets */; };
		8B75A5BC24A39C4A00FF83F8 /* LaunchScreen.storyboard in Resources */ = {isa = PBXBuildFile; fileRef = 8B75A5BA24A39C4A00FF83F8 /* LaunchScreen.storyboard */; };
		8B75A5C424A3A0F500FF83F8 /* SearchVC.swift in Sources */ = {isa = PBXBuildFile; fileRef = 8B75A5C324A3A0F500FF83F8 /* SearchVC.swift */; };
		8B75A5C624A3A13100FF83F8 /* FavoritesListVC.swift in Sources */ = {isa = PBXBuildFile; fileRef = 8B75A5C524A3A13100FF83F8 /* FavoritesListVC.swift */; };
		8B75A5C824A3A79200FF83F8 /* GFButton.swift in Sources */ = {isa = PBXBuildFile; fileRef = 8B75A5C724A3A79200FF83F8 /* GFButton.swift */; };
		8B75A5CA24A3AA7400FF83F8 /* GFTextField.swift in Sources */ = {isa = PBXBuildFile; fileRef = 8B75A5C924A3AA7400FF83F8 /* GFTextField.swift */; };
		8BAEC27324A3BF250002844F /* GFBodyLabel.swift in Sources */ = {isa = PBXBuildFile; fileRef = 8BAEC27224A3BF250002844F /* GFBodyLabel.swift */; };
		8BAEC27524A3BFE60002844F /* GFAlertVC.swift in Sources */ = {isa = PBXBuildFile; fileRef = 8BAEC27424A3BFE60002844F /* GFAlertVC.swift */; };
		8BAEC27724A3C93F0002844F /* UIViewController+Ext.swift in Sources */ = {isa = PBXBuildFile; fileRef = 8BAEC27624A3C93F0002844F /* UIViewController+Ext.swift */; };
		8BAEC27B24A3E8270002844F /* GFContainerView.swift in Sources */ = {isa = PBXBuildFile; fileRef = 8BAEC27A24A3E8270002844F /* GFContainerView.swift */; };
		8BAEC27E24A3EA9A0002844F /* Follower.swift in Sources */ = {isa = PBXBuildFile; fileRef = 8BAEC27D24A3EA9A0002844F /* Follower.swift */; };
		8BAEC28024A3EB580002844F /* User.swift in Sources */ = {isa = PBXBuildFile; fileRef = 8BAEC27F24A3EB580002844F /* User.swift */; };
		8BAEC28224A3EE260002844F /* NetworkManager.swift in Sources */ = {isa = PBXBuildFile; fileRef = 8BAEC28124A3EE260002844F /* NetworkManager.swift */; };
		8BAEC28524A3FE040002844F /* ErrorMessage.swift in Sources */ = {isa = PBXBuildFile; fileRef = 8BAEC28424A3FE040002844F /* ErrorMessage.swift */; };
		8BD4E04824A4F10800BDD482 /* FollowerCell.swift in Sources */ = {isa = PBXBuildFile; fileRef = 8BD4E04724A4F10800BDD482 /* FollowerCell.swift */; };
		8BD4E04A24A4F18800BDD482 /* GFAvatarImageView.swift in Sources */ = {isa = PBXBuildFile; fileRef = 8BD4E04924A4F18800BDD482 /* GFAvatarImageView.swift */; };
		8BD4E04C24A50DCB00BDD482 /* UIHelper.swift in Sources */ = {isa = PBXBuildFile; fileRef = 8BD4E04B24A50DCB00BDD482 /* UIHelper.swift */; };
		8BD4E04E24A5609F00BDD482 /* GFEmptyStateView.swift in Sources */ = {isa = PBXBuildFile; fileRef = 8BD4E04D24A5609F00BDD482 /* GFEmptyStateView.swift */; };
/* End PBXBuildFile section */

/* Begin PBXFileReference section */
		8B3E32C924A3B81600BBD684 /* FollowerListVC.swift */ = {isa = PBXFileReference; lastKnownFileType = sourcecode.swift; path = FollowerListVC.swift; sourceTree = "<group>"; };
		8B3E32CB24A3BDA600BBD684 /* GFTitleLabel.swift */ = {isa = PBXFileReference; lastKnownFileType = sourcecode.swift; path = GFTitleLabel.swift; sourceTree = "<group>"; };
		8B75A5AC24A39C4400FF83F8 /* GHFollowers.app */ = {isa = PBXFileReference; explicitFileType = wrapper.application; includeInIndex = 0; path = GHFollowers.app; sourceTree = BUILT_PRODUCTS_DIR; };
		8B75A5AF24A39C4400FF83F8 /* AppDelegate.swift */ = {isa = PBXFileReference; lastKnownFileType = sourcecode.swift; path = AppDelegate.swift; sourceTree = "<group>"; };
		8B75A5B124A39C4400FF83F8 /* SceneDelegate.swift */ = {isa = PBXFileReference; lastKnownFileType = sourcecode.swift; path = SceneDelegate.swift; sourceTree = "<group>"; };
		8B75A5B824A39C4A00FF83F8 /* Assets.xcassets */ = {isa = PBXFileReference; lastKnownFileType = folder.assetcatalog; path = Assets.xcassets; sourceTree = "<group>"; };
		8B75A5BB24A39C4A00FF83F8 /* Base */ = {isa = PBXFileReference; lastKnownFileType = file.storyboard; name = Base; path = Base.lproj/LaunchScreen.storyboard; sourceTree = "<group>"; };
		8B75A5BD24A39C4A00FF83F8 /* Info.plist */ = {isa = PBXFileReference; lastKnownFileType = text.plist.xml; path = Info.plist; sourceTree = "<group>"; };
		8B75A5C324A3A0F500FF83F8 /* SearchVC.swift */ = {isa = PBXFileReference; lastKnownFileType = sourcecode.swift; path = SearchVC.swift; sourceTree = "<group>"; };
		8B75A5C524A3A13100FF83F8 /* FavoritesListVC.swift */ = {isa = PBXFileReference; lastKnownFileType = sourcecode.swift; path = FavoritesListVC.swift; sourceTree = "<group>"; };
		8B75A5C724A3A79200FF83F8 /* GFButton.swift */ = {isa = PBXFileReference; lastKnownFileType = sourcecode.swift; path = GFButton.swift; sourceTree = "<group>"; };
		8B75A5C924A3AA7400FF83F8 /* GFTextField.swift */ = {isa = PBXFileReference; lastKnownFileType = sourcecode.swift; path = GFTextField.swift; sourceTree = "<group>"; };
		8BAEC27224A3BF250002844F /* GFBodyLabel.swift */ = {isa = PBXFileReference; lastKnownFileType = sourcecode.swift; path = GFBodyLabel.swift; sourceTree = "<group>"; };
		8BAEC27424A3BFE60002844F /* GFAlertVC.swift */ = {isa = PBXFileReference; lastKnownFileType = sourcecode.swift; path = GFAlertVC.swift; sourceTree = "<group>"; };
		8BAEC27624A3C93F0002844F /* UIViewController+Ext.swift */ = {isa = PBXFileReference; lastKnownFileType = sourcecode.swift; path = "UIViewController+Ext.swift"; sourceTree = "<group>"; };
		8BAEC27A24A3E8270002844F /* GFContainerView.swift */ = {isa = PBXFileReference; lastKnownFileType = sourcecode.swift; path = GFContainerView.swift; sourceTree = "<group>"; };
		8BAEC27D24A3EA9A0002844F /* Follower.swift */ = {isa = PBXFileReference; lastKnownFileType = sourcecode.swift; path = Follower.swift; sourceTree = "<group>"; };
		8BAEC27F24A3EB580002844F /* User.swift */ = {isa = PBXFileReference; lastKnownFileType = sourcecode.swift; path = User.swift; sourceTree = "<group>"; };
		8BAEC28124A3EE260002844F /* NetworkManager.swift */ = {isa = PBXFileReference; lastKnownFileType = sourcecode.swift; path = NetworkManager.swift; sourceTree = "<group>"; };
		8BAEC28424A3FE040002844F /* ErrorMessage.swift */ = {isa = PBXFileReference; lastKnownFileType = sourcecode.swift; path = ErrorMessage.swift; sourceTree = "<group>"; };
		8BD4E04724A4F10800BDD482 /* FollowerCell.swift */ = {isa = PBXFileReference; lastKnownFileType = sourcecode.swift; path = FollowerCell.swift; sourceTree = "<group>"; };
		8BD4E04924A4F18800BDD482 /* GFAvatarImageView.swift */ = {isa = PBXFileReference; lastKnownFileType = sourcecode.swift; path = GFAvatarImageView.swift; sourceTree = "<group>"; };
		8BD4E04B24A50DCB00BDD482 /* UIHelper.swift */ = {isa = PBXFileReference; lastKnownFileType = sourcecode.swift; path = UIHelper.swift; sourceTree = "<group>"; };
		8BD4E04D24A5609F00BDD482 /* GFEmptyStateView.swift */ = {isa = PBXFileReference; lastKnownFileType = sourcecode.swift; path = GFEmptyStateView.swift; sourceTree = "<group>"; };
/* End PBXFileReference section */

/* Begin PBXFrameworksBuildPhase section */
		8B75A5A924A39C4400FF83F8 /* Frameworks */ = {
			isa = PBXFrameworksBuildPhase;
			buildActionMask = 2147483647;
			files = (
			);
			runOnlyForDeploymentPostprocessing = 0;
		};
/* End PBXFrameworksBuildPhase section */

/* Begin PBXGroup section */
		8B75A5A324A39C4400FF83F8 = {
			isa = PBXGroup;
			children = (
				8B75A5AE24A39C4400FF83F8 /* GHFollowers */,
				8B75A5AD24A39C4400FF83F8 /* Products */,
			);
			sourceTree = "<group>";
		};
		8B75A5AD24A39C4400FF83F8 /* Products */ = {
			isa = PBXGroup;
			children = (
				8B75A5AC24A39C4400FF83F8 /* GHFollowers.app */,
			);
			name = Products;
			sourceTree = "<group>";
		};
		8B75A5AE24A39C4400FF83F8 /* GHFollowers */ = {
			isa = PBXGroup;
			children = (
				8B75A5AF24A39C4400FF83F8 /* AppDelegate.swift */,
				8B75A5B124A39C4400FF83F8 /* SceneDelegate.swift */,
				8BAEC28324A3FDF10002844F /* Utilities */,
				8BAEC27C24A3EA880002844F /* Models */,
				8BAEC27824A3D11C0002844F /* Controllers */,
				8B75A5CB24A3AC6100FF83F8 /* Views */,
				8BAEC27924A3E6170002844F /* Extensions */,
				8B75A5B824A39C4A00FF83F8 /* Assets.xcassets */,
				8B75A5BA24A39C4A00FF83F8 /* LaunchScreen.storyboard */,
				8B75A5BD24A39C4A00FF83F8 /* Info.plist */,
			);
			path = GHFollowers;
			sourceTree = "<group>";
		};
		8B75A5CB24A3AC6100FF83F8 /* Views */ = {
			isa = PBXGroup;
			children = (
				8BD4E05424A560F900BDD482 /* Labels */,
				8BD4E05324A560D000BDD482 /* ViewControllers */,
				8BD4E05224A560C700BDD482 /* ImageViews */,
				8BD4E05124A560C000BDD482 /* TextFields */,
				8BD4E05024A560B600BDD482 /* Buttons */,
				8BD4E04F24A560AE00BDD482 /* Views */,
				8BD4E04624A4F0E500BDD482 /* Cells */,
			);
			path = Views;
			sourceTree = "<group>";
		};
		8BAEC27824A3D11C0002844F /* Controllers */ = {
			isa = PBXGroup;
			children = (
				8B75A5C324A3A0F500FF83F8 /* SearchVC.swift */,
				8B3E32C924A3B81600BBD684 /* FollowerListVC.swift */,
				8B75A5C524A3A13100FF83F8 /* FavoritesListVC.swift */,
			);
			path = Controllers;
			sourceTree = "<group>";
		};
		8BAEC27924A3E6170002844F /* Extensions */ = {
			isa = PBXGroup;
			children = (
				8BAEC27624A3C93F0002844F /* UIViewController+Ext.swift */,
			);
			path = Extensions;
			sourceTree = "<group>";
		};
		8BAEC27C24A3EA880002844F /* Models */ = {
			isa = PBXGroup;
			children = (
				8BAEC27D24A3EA9A0002844F /* Follower.swift */,
				8BAEC27F24A3EB580002844F /* User.swift */,
				8BAEC28124A3EE260002844F /* NetworkManager.swift */,
			);
			path = Models;
			sourceTree = "<group>";
		};
		8BAEC28324A3FDF10002844F /* Utilities */ = {
			isa = PBXGroup;
			children = (
				8BAEC28424A3FE040002844F /* ErrorMessage.swift */,
				8BD4E04B24A50DCB00BDD482 /* UIHelper.swift */,
			);
			path = Utilities;
			sourceTree = "<group>";
		};
		8BD4E04624A4F0E500BDD482 /* Cells */ = {
			isa = PBXGroup;
			children = (
				8BD4E04724A4F10800BDD482 /* FollowerCell.swift */,
			);
			path = Cells;
			sourceTree = "<group>";
		};
		8BD4E04F24A560AE00BDD482 /* Views */ = {
			isa = PBXGroup;
			children = (
				8BAEC27A24A3E8270002844F /* GFContainerView.swift */,
				8BD4E04D24A5609F00BDD482 /* GFEmptyStateView.swift */,
			);
			path = Views;
			sourceTree = "<group>";
		};
		8BD4E05024A560B600BDD482 /* Buttons */ = {
			isa = PBXGroup;
			children = (
				8B75A5C724A3A79200FF83F8 /* GFButton.swift */,
			);
			path = Buttons;
			sourceTree = "<group>";
		};
		8BD4E05124A560C000BDD482 /* TextFields */ = {
			isa = PBXGroup;
			children = (
				8B75A5C924A3AA7400FF83F8 /* GFTextField.swift */,
			);
			path = TextFields;
			sourceTree = "<group>";
		};
		8BD4E05224A560C700BDD482 /* ImageViews */ = {
			isa = PBXGroup;
			children = (
				8BD4E04924A4F18800BDD482 /* GFAvatarImageView.swift */,
			);
			path = ImageViews;
			sourceTree = "<group>";
		};
		8BD4E05324A560D000BDD482 /* ViewControllers */ = {
			isa = PBXGroup;
			children = (
				8BAEC27424A3BFE60002844F /* GFAlertVC.swift */,
			);
			path = ViewControllers;
			sourceTree = "<group>";
		};
		8BD4E05424A560F900BDD482 /* Labels */ = {
			isa = PBXGroup;
			children = (
				8B3E32CB24A3BDA600BBD684 /* GFTitleLabel.swift */,
				8BAEC27224A3BF250002844F /* GFBodyLabel.swift */,
			);
			path = Labels;
			sourceTree = "<group>";
		};
/* End PBXGroup section */

/* Begin PBXNativeTarget section */
		8B75A5AB24A39C4400FF83F8 /* GHFollowers */ = {
			isa = PBXNativeTarget;
			buildConfigurationList = 8B75A5C024A39C4A00FF83F8 /* Build configuration list for PBXNativeTarget "GHFollowers" */;
			buildPhases = (
				8B75A5A824A39C4400FF83F8 /* Sources */,
				8B75A5A924A39C4400FF83F8 /* Frameworks */,
				8B75A5AA24A39C4400FF83F8 /* Resources */,
			);
			buildRules = (
			);
			dependencies = (
			);
			name = GHFollowers;
			productName = GHFollowers;
			productReference = 8B75A5AC24A39C4400FF83F8 /* GHFollowers.app */;
			productType = "com.apple.product-type.application";
		};
/* End PBXNativeTarget section */

/* Begin PBXProject section */
		8B75A5A424A39C4400FF83F8 /* Project object */ = {
			isa = PBXProject;
			attributes = {
				LastSwiftUpdateCheck = 1150;
				LastUpgradeCheck = 1150;
				ORGANIZATIONNAME = "Tobias Ruano";
				TargetAttributes = {
					8B75A5AB24A39C4400FF83F8 = {
						CreatedOnToolsVersion = 11.5;
					};
				};
			};
			buildConfigurationList = 8B75A5A724A39C4400FF83F8 /* Build configuration list for PBXProject "GHFollowers" */;
			compatibilityVersion = "Xcode 9.3";
			developmentRegion = en;
			hasScannedForEncodings = 0;
			knownRegions = (
				en,
				Base,
			);
			mainGroup = 8B75A5A324A39C4400FF83F8;
			productRefGroup = 8B75A5AD24A39C4400FF83F8 /* Products */;
			projectDirPath = "";
			projectRoot = "";
			targets = (
				8B75A5AB24A39C4400FF83F8 /* GHFollowers */,
			);
		};
/* End PBXProject section */

/* Begin PBXResourcesBuildPhase section */
		8B75A5AA24A39C4400FF83F8 /* Resources */ = {
			isa = PBXResourcesBuildPhase;
			buildActionMask = 2147483647;
			files = (
				8B75A5BC24A39C4A00FF83F8 /* LaunchScreen.storyboard in Resources */,
				8B75A5B924A39C4A00FF83F8 /* Assets.xcassets in Resources */,
			);
			runOnlyForDeploymentPostprocessing = 0;
		};
/* End PBXResourcesBuildPhase section */

/* Begin PBXSourcesBuildPhase section */
		8B75A5A824A39C4400FF83F8 /* Sources */ = {
			isa = PBXSourcesBuildPhase;
			buildActionMask = 2147483647;
			files = (
				8B75A5CA24A3AA7400FF83F8 /* GFTextField.swift in Sources */,
				8B75A5C624A3A13100FF83F8 /* FavoritesListVC.swift in Sources */,
				8B75A5C824A3A79200FF83F8 /* GFButton.swift in Sources */,
				8BAEC27724A3C93F0002844F /* UIViewController+Ext.swift in Sources */,
				8B75A5C424A3A0F500FF83F8 /* SearchVC.swift in Sources */,
				8BD4E04E24A5609F00BDD482 /* GFEmptyStateView.swift in Sources */,
				8BAEC27524A3BFE60002844F /* GFAlertVC.swift in Sources */,
				8BAEC28024A3EB580002844F /* User.swift in Sources */,
				8BD4E04824A4F10800BDD482 /* FollowerCell.swift in Sources */,
				8BD4E04A24A4F18800BDD482 /* GFAvatarImageView.swift in Sources */,
				8BAEC27324A3BF250002844F /* GFBodyLabel.swift in Sources */,
				8BAEC27E24A3EA9A0002844F /* Follower.swift in Sources */,
				8B3E32CC24A3BDA600BBD684 /* GFTitleLabel.swift in Sources */,
				8B3E32CA24A3B81600BBD684 /* FollowerListVC.swift in Sources */,
				8B75A5B024A39C4400FF83F8 /* AppDelegate.swift in Sources */,
				8BAEC28524A3FE040002844F /* ErrorMessage.swift in Sources */,
				8BD4E04C24A50DCB00BDD482 /* UIHelper.swift in Sources */,
				8BAEC28224A3EE260002844F /* NetworkManager.swift in Sources */,
				8B75A5B224A39C4400FF83F8 /* SceneDelegate.swift in Sources */,
				8BAEC27B24A3E8270002844F /* GFContainerView.swift in Sources */,
			);
			runOnlyForDeploymentPostprocessing = 0;
		};
/* End PBXSourcesBuildPhase section */

/* Begin PBXVariantGroup section */
		8B75A5BA24A39C4A00FF83F8 /* LaunchScreen.storyboard */ = {
			isa = PBXVariantGroup;
			children = (
				8B75A5BB24A39C4A00FF83F8 /* Base */,
			);
			name = LaunchScreen.storyboard;
			sourceTree = "<group>";
		};
/* End PBXVariantGroup section */

/* Begin XCBuildConfiguration section */
		8B75A5BE24A39C4A00FF83F8 /* Debug */ = {
			isa = XCBuildConfiguration;
			buildSettings = {
				ALWAYS_SEARCH_USER_PATHS = NO;
				CLANG_ANALYZER_NONNULL = YES;
				CLANG_ANALYZER_NUMBER_OBJECT_CONVERSION = YES_AGGRESSIVE;
				CLANG_CXX_LANGUAGE_STANDARD = "gnu++14";
				CLANG_CXX_LIBRARY = "libc++";
				CLANG_ENABLE_MODULES = YES;
				CLANG_ENABLE_OBJC_ARC = YES;
				CLANG_ENABLE_OBJC_WEAK = YES;
				CLANG_WARN_BLOCK_CAPTURE_AUTORELEASING = YES;
				CLANG_WARN_BOOL_CONVERSION = YES;
				CLANG_WARN_COMMA = YES;
				CLANG_WARN_CONSTANT_CONVERSION = YES;
				CLANG_WARN_DEPRECATED_OBJC_IMPLEMENTATIONS = YES;
				CLANG_WARN_DIRECT_OBJC_ISA_USAGE = YES_ERROR;
				CLANG_WARN_DOCUMENTATION_COMMENTS = YES;
				CLANG_WARN_EMPTY_BODY = YES;
				CLANG_WARN_ENUM_CONVERSION = YES;
				CLANG_WARN_INFINITE_RECURSION = YES;
				CLANG_WARN_INT_CONVERSION = YES;
				CLANG_WARN_NON_LITERAL_NULL_CONVERSION = YES;
				CLANG_WARN_OBJC_IMPLICIT_RETAIN_SELF = YES;
				CLANG_WARN_OBJC_LITERAL_CONVERSION = YES;
				CLANG_WARN_OBJC_ROOT_CLASS = YES_ERROR;
				CLANG_WARN_RANGE_LOOP_ANALYSIS = YES;
				CLANG_WARN_STRICT_PROTOTYPES = YES;
				CLANG_WARN_SUSPICIOUS_MOVE = YES;
				CLANG_WARN_UNGUARDED_AVAILABILITY = YES_AGGRESSIVE;
				CLANG_WARN_UNREACHABLE_CODE = YES;
				CLANG_WARN__DUPLICATE_METHOD_MATCH = YES;
				COPY_PHASE_STRIP = NO;
				DEBUG_INFORMATION_FORMAT = dwarf;
				ENABLE_STRICT_OBJC_MSGSEND = YES;
				ENABLE_TESTABILITY = YES;
				GCC_C_LANGUAGE_STANDARD = gnu11;
				GCC_DYNAMIC_NO_PIC = NO;
				GCC_NO_COMMON_BLOCKS = YES;
				GCC_OPTIMIZATION_LEVEL = 0;
				GCC_PREPROCESSOR_DEFINITIONS = (
					"DEBUG=1",
					"$(inherited)",
				);
				GCC_WARN_64_TO_32_BIT_CONVERSION = YES;
				GCC_WARN_ABOUT_RETURN_TYPE = YES_ERROR;
				GCC_WARN_UNDECLARED_SELECTOR = YES;
				GCC_WARN_UNINITIALIZED_AUTOS = YES_AGGRESSIVE;
				GCC_WARN_UNUSED_FUNCTION = YES;
				GCC_WARN_UNUSED_VARIABLE = YES;
				IPHONEOS_DEPLOYMENT_TARGET = 13.5;
				MTL_ENABLE_DEBUG_INFO = INCLUDE_SOURCE;
				MTL_FAST_MATH = YES;
				ONLY_ACTIVE_ARCH = YES;
				SDKROOT = iphoneos;
				SWIFT_ACTIVE_COMPILATION_CONDITIONS = DEBUG;
				SWIFT_OPTIMIZATION_LEVEL = "-Onone";
			};
			name = Debug;
		};
		8B75A5BF24A39C4A00FF83F8 /* Release */ = {
			isa = XCBuildConfiguration;
			buildSettings = {
				ALWAYS_SEARCH_USER_PATHS = NO;
				CLANG_ANALYZER_NONNULL = YES;
				CLANG_ANALYZER_NUMBER_OBJECT_CONVERSION = YES_AGGRESSIVE;
				CLANG_CXX_LANGUAGE_STANDARD = "gnu++14";
				CLANG_CXX_LIBRARY = "libc++";
				CLANG_ENABLE_MODULES = YES;
				CLANG_ENABLE_OBJC_ARC = YES;
				CLANG_ENABLE_OBJC_WEAK = YES;
				CLANG_WARN_BLOCK_CAPTURE_AUTORELEASING = YES;
				CLANG_WARN_BOOL_CONVERSION = YES;
				CLANG_WARN_COMMA = YES;
				CLANG_WARN_CONSTANT_CONVERSION = YES;
				CLANG_WARN_DEPRECATED_OBJC_IMPLEMENTATIONS = YES;
				CLANG_WARN_DIRECT_OBJC_ISA_USAGE = YES_ERROR;
				CLANG_WARN_DOCUMENTATION_COMMENTS = YES;
				CLANG_WARN_EMPTY_BODY = YES;
				CLANG_WARN_ENUM_CONVERSION = YES;
				CLANG_WARN_INFINITE_RECURSION = YES;
				CLANG_WARN_INT_CONVERSION = YES;
				CLANG_WARN_NON_LITERAL_NULL_CONVERSION = YES;
				CLANG_WARN_OBJC_IMPLICIT_RETAIN_SELF = YES;
				CLANG_WARN_OBJC_LITERAL_CONVERSION = YES;
				CLANG_WARN_OBJC_ROOT_CLASS = YES_ERROR;
				CLANG_WARN_RANGE_LOOP_ANALYSIS = YES;
				CLANG_WARN_STRICT_PROTOTYPES = YES;
				CLANG_WARN_SUSPICIOUS_MOVE = YES;
				CLANG_WARN_UNGUARDED_AVAILABILITY = YES_AGGRESSIVE;
				CLANG_WARN_UNREACHABLE_CODE = YES;
				CLANG_WARN__DUPLICATE_METHOD_MATCH = YES;
				COPY_PHASE_STRIP = NO;
				DEBUG_INFORMATION_FORMAT = "dwarf-with-dsym";
				ENABLE_NS_ASSERTIONS = NO;
				ENABLE_STRICT_OBJC_MSGSEND = YES;
				GCC_C_LANGUAGE_STANDARD = gnu11;
				GCC_NO_COMMON_BLOCKS = YES;
				GCC_WARN_64_TO_32_BIT_CONVERSION = YES;
				GCC_WARN_ABOUT_RETURN_TYPE = YES_ERROR;
				GCC_WARN_UNDECLARED_SELECTOR = YES;
				GCC_WARN_UNINITIALIZED_AUTOS = YES_AGGRESSIVE;
				GCC_WARN_UNUSED_FUNCTION = YES;
				GCC_WARN_UNUSED_VARIABLE = YES;
				IPHONEOS_DEPLOYMENT_TARGET = 13.5;
				MTL_ENABLE_DEBUG_INFO = NO;
				MTL_FAST_MATH = YES;
				SDKROOT = iphoneos;
				SWIFT_COMPILATION_MODE = wholemodule;
				SWIFT_OPTIMIZATION_LEVEL = "-O";
				VALIDATE_PRODUCT = YES;
			};
			name = Release;
		};
		8B75A5C124A39C4A00FF83F8 /* Debug */ = {
			isa = XCBuildConfiguration;
			buildSettings = {
				ASSETCATALOG_COMPILER_APPICON_NAME = AppIcon;
				CODE_SIGN_STYLE = Automatic;
				DEVELOPMENT_TEAM = 7344G4M3BL;
				INFOPLIST_FILE = GHFollowers/Info.plist;
				LD_RUNPATH_SEARCH_PATHS = (
					"$(inherited)",
					"@executable_path/Frameworks",
				);
				PRODUCT_BUNDLE_IDENTIFIER = com.tobiasruano.GHFollowers;
				PRODUCT_NAME = "$(TARGET_NAME)";
				SWIFT_VERSION = 5.0;
				TARGETED_DEVICE_FAMILY = 1;
			};
			name = Debug;
		};
		8B75A5C224A39C4A00FF83F8 /* Release */ = {
			isa = XCBuildConfiguration;
			buildSettings = {
				ASSETCATALOG_COMPILER_APPICON_NAME = AppIcon;
				CODE_SIGN_STYLE = Automatic;
				DEVELOPMENT_TEAM = 7344G4M3BL;
				INFOPLIST_FILE = GHFollowers/Info.plist;
				LD_RUNPATH_SEARCH_PATHS = (
					"$(inherited)",
					"@executable_path/Frameworks",
				);
				PRODUCT_BUNDLE_IDENTIFIER = com.tobiasruano.GHFollowers;
				PRODUCT_NAME = "$(TARGET_NAME)";
				SWIFT_VERSION = 5.0;
				TARGETED_DEVICE_FAMILY = 1;
			};
			name = Release;
		};
/* End XCBuildConfiguration section */

/* Begin XCConfigurationList section */
		8B75A5A724A39C4400FF83F8 /* Build configuration list for PBXProject "GHFollowers" */ = {
			isa = XCConfigurationList;
			buildConfigurations = (
				8B75A5BE24A39C4A00FF83F8 /* Debug */,
				8B75A5BF24A39C4A00FF83F8 /* Release */,
			);
			defaultConfigurationIsVisible = 0;
			defaultConfigurationName = Release;
		};
		8B75A5C024A39C4A00FF83F8 /* Build configuration list for PBXNativeTarget "GHFollowers" */ = {
			isa = XCConfigurationList;
			buildConfigurations = (
				8B75A5C124A39C4A00FF83F8 /* Debug */,
				8B75A5C224A39C4A00FF83F8 /* Release */,
			);
			defaultConfigurationIsVisible = 0;
			defaultConfigurationName = Release;
		};
/* End XCConfigurationList section */
	};
	rootObject = 8B75A5A424A39C4400FF83F8 /* Project object */;
}
